
Microsoft Visual Studio Solution File, Format Version 12.00
# Visual Studio 15
VisualStudioVersion = 15.0.27130.2027
MinimumVisualStudioVersion = 10.0.40219.1
Project("{2150E333-8FDC-42A3-9474-1A3956D46DE8}") = "Creational", "Creational", "{C3E7C281-90E7-47DF-8D1A-CAD951B43526}"
EndProject
Project("{2150E333-8FDC-42A3-9474-1A3956D46DE8}") = "Structural", "Structural", "{A578361F-9D39-4DB0-8380-308AB83B3694}"
EndProject
Project("{2150E333-8FDC-42A3-9474-1A3956D46DE8}") = "Behavioral", "Behavioral", "{0A5660C8-76A8-4E9D-9AB2-16CCE3F401BE}"
EndProject
Project("{2150E333-8FDC-42A3-9474-1A3956D46DE8}") = "ChainOfResponsibility", "ChainOfResponsibility", "{F7CDE5A0-AC2A-48E8-BF3F-296DA9FA495E}"
EndProject
Project("{2150E333-8FDC-42A3-9474-1A3956D46DE8}") = "Command", "Command", "{AE71A26F-4930-4BBA-A148-57BCE0E5D5B9}"
EndProject
Project("{2150E333-8FDC-42A3-9474-1A3956D46DE8}") = "Interpreter", "Interpreter", "{5648A7D6-9241-4F3C-9964-AB745446E7B0}"
EndProject
Project("{2150E333-8FDC-42A3-9474-1A3956D46DE8}") = "Iterator", "Iterator", "{D5385EA7-EF0A-4A33-BE47-1C0A7687867C}"
EndProject
Project("{2150E333-8FDC-42A3-9474-1A3956D46DE8}") = "Mediator", "Mediator", "{A18E5CA4-0908-4FDE-B85A-95B0DBA9BE19}"
EndProject
Project("{2150E333-8FDC-42A3-9474-1A3956D46DE8}") = "Memento", "Memento", "{CA598FF0-C57E-4DE4-ABFD-B147D96DF613}"
EndProject
Project("{2150E333-8FDC-42A3-9474-1A3956D46DE8}") = "Observer", "Observer", "{3AD10314-8322-4CC1-9780-7A77C630FCDE}"
EndProject
Project("{2150E333-8FDC-42A3-9474-1A3956D46DE8}") = "State", "State", "{93672D14-A7DB-47E3-ACBE-E167F57C5752}"
EndProject
Project("{2150E333-8FDC-42A3-9474-1A3956D46DE8}") = "Strategy", "Strategy", "{FF259708-2A41-420C-B28A-DF9E4D61F499}"
EndProject
Project("{2150E333-8FDC-42A3-9474-1A3956D46DE8}") = "TemplateMethod", "TemplateMethod", "{A78686DA-9E40-4EE0-A320-67BBDAD6ED8E}"
EndProject
Project("{2150E333-8FDC-42A3-9474-1A3956D46DE8}") = "Visitor", "Visitor", "{D891DD48-F2F8-43FD-8B2A-BF3293653210}"
EndProject
Project("{2150E333-8FDC-42A3-9474-1A3956D46DE8}") = "Proxy", "Proxy", "{0FE5D5E2-7F60-4CEB-AFBA-BF43DABD8F92}"
EndProject
Project("{2150E333-8FDC-42A3-9474-1A3956D46DE8}") = "Flyweight", "Flyweight", "{805A4D39-5B27-458B-9072-4D94CB65C153}"
EndProject
Project("{2150E333-8FDC-42A3-9474-1A3956D46DE8}") = "Facade", "Facade", "{92CEA4B6-7567-42D7-9087-9FFBB66FD3A0}"
EndProject
Project("{2150E333-8FDC-42A3-9474-1A3956D46DE8}") = "Decorator", "Decorator", "{0D7DD33F-3888-45F6-A5C0-D1047B9AAC79}"
EndProject
Project("{2150E333-8FDC-42A3-9474-1A3956D46DE8}") = "Composite", "Composite", "{E0C09621-2747-435A-B70C-047206547B07}"
EndProject
Project("{2150E333-8FDC-42A3-9474-1A3956D46DE8}") = "Bridge", "Bridge", "{639D946D-C627-47C1-93B5-403057CF559B}"
EndProject
Project("{2150E333-8FDC-42A3-9474-1A3956D46DE8}") = "Adapter", "Adapter", "{6F23A28C-6647-4D0A-B418-ED2A5A83ADFB}"
EndProject
Project("{2150E333-8FDC-42A3-9474-1A3956D46DE8}") = "Singleton", "Singleton", "{8D289C45-438B-4C5D-9E7E-2C7D501484C6}"
EndProject
Project("{2150E333-8FDC-42A3-9474-1A3956D46DE8}") = "Prototype", "Prototype", "{9B6C4E75-8F63-4389-AE85-625E11B68854}"
EndProject
Project("{2150E333-8FDC-42A3-9474-1A3956D46DE8}") = "FactoryMethod", "FactoryMethod", "{4A42E8E5-F003-41D9-AD9B-9B9A704C5EF9}"
EndProject
Project("{2150E333-8FDC-42A3-9474-1A3956D46DE8}") = "Builder", "Builder", "{2C04DA28-6E39-47A0-9B10-C3E23DF13F8B}"
EndProject
Project("{2150E333-8FDC-42A3-9474-1A3956D46DE8}") = "AbstractFactory", "AbstractFactory", "{BD4DAEDB-5C62-4447-91C8-1A35E9EC732A}"
EndProject
Global
	GlobalSection(SolutionProperties) = preSolution
		HideSolutionNode = FALSE
	EndGlobalSection
	GlobalSection(NestedProjects) = preSolution
		{F7CDE5A0-AC2A-48E8-BF3F-296DA9FA495E} = {0A5660C8-76A8-4E9D-9AB2-16CCE3F401BE}
		{AE71A26F-4930-4BBA-A148-57BCE0E5D5B9} = {0A5660C8-76A8-4E9D-9AB2-16CCE3F401BE}
		{5648A7D6-9241-4F3C-9964-AB745446E7B0} = {0A5660C8-76A8-4E9D-9AB2-16CCE3F401BE}
		{D5385EA7-EF0A-4A33-BE47-1C0A7687867C} = {0A5660C8-76A8-4E9D-9AB2-16CCE3F401BE}
		{A18E5CA4-0908-4FDE-B85A-95B0DBA9BE19} = {0A5660C8-76A8-4E9D-9AB2-16CCE3F401BE}
		{CA598FF0-C57E-4DE4-ABFD-B147D96DF613} = {0A5660C8-76A8-4E9D-9AB2-16CCE3F401BE}
		{3AD10314-8322-4CC1-9780-7A77C630FCDE} = {0A5660C8-76A8-4E9D-9AB2-16CCE3F401BE}
		{93672D14-A7DB-47E3-ACBE-E167F57C5752} = {0A5660C8-76A8-4E9D-9AB2-16CCE3F401BE}
		{FF259708-2A41-420C-B28A-DF9E4D61F499} = {0A5660C8-76A8-4E9D-9AB2-16CCE3F401BE}
		{A78686DA-9E40-4EE0-A320-67BBDAD6ED8E} = {0A5660C8-76A8-4E9D-9AB2-16CCE3F401BE}
		{D891DD48-F2F8-43FD-8B2A-BF3293653210} = {0A5660C8-76A8-4E9D-9AB2-16CCE3F401BE}
		{0FE5D5E2-7F60-4CEB-AFBA-BF43DABD8F92} = {A578361F-9D39-4DB0-8380-308AB83B3694}
		{805A4D39-5B27-458B-9072-4D94CB65C153} = {A578361F-9D39-4DB0-8380-308AB83B3694}
		{92CEA4B6-7567-42D7-9087-9FFBB66FD3A0} = {A578361F-9D39-4DB0-8380-308AB83B3694}
		{0D7DD33F-3888-45F6-A5C0-D1047B9AAC79} = {A578361F-9D39-4DB0-8380-308AB83B3694}
		{E0C09621-2747-435A-B70C-047206547B07} = {A578361F-9D39-4DB0-8380-308AB83B3694}
		{639D946D-C627-47C1-93B5-403057CF559B} = {A578361F-9D39-4DB0-8380-308AB83B3694}
		{6F23A28C-6647-4D0A-B418-ED2A5A83ADFB} = {A578361F-9D39-4DB0-8380-308AB83B3694}
		{8D289C45-438B-4C5D-9E7E-2C7D501484C6} = {C3E7C281-90E7-47DF-8D1A-CAD951B43526}
		{9B6C4E75-8F63-4389-AE85-625E11B68854} = {C3E7C281-90E7-47DF-8D1A-CAD951B43526}
		{4A42E8E5-F003-41D9-AD9B-9B9A704C5EF9} = {C3E7C281-90E7-47DF-8D1A-CAD951B43526}
		{2C04DA28-6E39-47A0-9B10-C3E23DF13F8B} = {C3E7C281-90E7-47DF-8D1A-CAD951B43526}
		{BD4DAEDB-5C62-4447-91C8-1A35E9EC732A} = {C3E7C281-90E7-47DF-8D1A-CAD951B43526}
	EndGlobalSection
	GlobalSection(ExtensibilityGlobals) = postSolution
		SolutionGuid = {AD7BA65A-4029-4C00-9CFB-0DD0DB206E02}
	EndGlobalSection
EndGlobal
